// !$*UTF8*$!
{
	archiveVersion = 1;
	classes = {
	};
	objectVersion = 50;
	objects = {

/* Begin PBXBuildFile section */
		3716920F25626FBD00EB79C4 /* CameraPreviewView.swift in Sources */ = {isa = PBXBuildFile; fileRef = 3716920E25626FBD00EB79C4 /* CameraPreviewView.swift */; };
		37169212256270E500EB79C4 /* Color.swift in Sources */ = {isa = PBXBuildFile; fileRef = 37169211256270E500EB79C4 /* Color.swift */; };
		37169215256271EF00EB79C4 /* CameraPreviewVC.swift in Sources */ = {isa = PBXBuildFile; fileRef = 37169214256271EF00EB79C4 /* CameraPreviewVC.swift */; };
		371692192562745A00EB79C4 /* CameraPreviewService.swift in Sources */ = {isa = PBXBuildFile; fileRef = 371692182562745A00EB79C4 /* CameraPreviewService.swift */; };
		3716921C25627FE200EB79C4 /* PreviewServiceDelegate.swift in Sources */ = {isa = PBXBuildFile; fileRef = 3716921B25627FE200EB79C4 /* PreviewServiceDelegate.swift */; };
		3716921F2562827700EB79C4 /* DependencyInjection.swift in Sources */ = {isa = PBXBuildFile; fileRef = 3716921E2562827700EB79C4 /* DependencyInjection.swift */; };
		371692242562855800EB79C4 /* TimerService.swift in Sources */ = {isa = PBXBuildFile; fileRef = 371692232562855800EB79C4 /* TimerService.swift */; };
		371692272562856D00EB79C4 /* R4BTimerService.swift in Sources */ = {isa = PBXBuildFile; fileRef = 371692262562856D00EB79C4 /* R4BTimerService.swift */; };
		3716922B256286DD00EB79C4 /* Constants.swift in Sources */ = {isa = PBXBuildFile; fileRef = 3716922A256286DD00EB79C4 /* Constants.swift */; };
		3717163C2562670700BC59C8 /* AppDelegate.swift in Sources */ = {isa = PBXBuildFile; fileRef = 3717163B2562670700BC59C8 /* AppDelegate.swift */; };
		3717163E2562670700BC59C8 /* SceneDelegate.swift in Sources */ = {isa = PBXBuildFile; fileRef = 3717163D2562670700BC59C8 /* SceneDelegate.swift */; };
		371716432562670700BC59C8 /* Main.storyboard in Resources */ = {isa = PBXBuildFile; fileRef = 371716412562670700BC59C8 /* Main.storyboard */; };
		371716452562670A00BC59C8 /* Assets.xcassets in Resources */ = {isa = PBXBuildFile; fileRef = 371716442562670A00BC59C8 /* Assets.xcassets */; };
		371716482562670A00BC59C8 /* LaunchScreen.storyboard in Resources */ = {isa = PBXBuildFile; fileRef = 371716462562670A00BC59C8 /* LaunchScreen.storyboard */; };
/* End PBXBuildFile section */

/* Begin PBXFileReference section */
		3716920E25626FBD00EB79C4 /* CameraPreviewView.swift */ = {isa = PBXFileReference; lastKnownFileType = sourcecode.swift; path = CameraPreviewView.swift; sourceTree = "<group>"; };
		37169211256270E500EB79C4 /* Color.swift */ = {isa = PBXFileReference; lastKnownFileType = sourcecode.swift; path = Color.swift; sourceTree = "<group>"; };
		37169214256271EF00EB79C4 /* CameraPreviewVC.swift */ = {isa = PBXFileReference; lastKnownFileType = sourcecode.swift; path = CameraPreviewVC.swift; sourceTree = "<group>"; };
		371692182562745A00EB79C4 /* CameraPreviewService.swift */ = {isa = PBXFileReference; lastKnownFileType = sourcecode.swift; path = CameraPreviewService.swift; sourceTree = "<group>"; };
		3716921B25627FE200EB79C4 /* PreviewServiceDelegate.swift */ = {isa = PBXFileReference; lastKnownFileType = sourcecode.swift; path = PreviewServiceDelegate.swift; sourceTree = "<group>"; };
		3716921E2562827700EB79C4 /* DependencyInjection.swift */ = {isa = PBXFileReference; lastKnownFileType = sourcecode.swift; path = DependencyInjection.swift; sourceTree = "<group>"; };
		371692232562855800EB79C4 /* TimerService.swift */ = {isa = PBXFileReference; lastKnownFileType = sourcecode.swift; path = TimerService.swift; sourceTree = "<group>"; };
		371692262562856D00EB79C4 /* R4BTimerService.swift */ = {isa = PBXFileReference; lastKnownFileType = sourcecode.swift; path = R4BTimerService.swift; sourceTree = "<group>"; };
		3716922A256286DD00EB79C4 /* Constants.swift */ = {isa = PBXFileReference; lastKnownFileType = sourcecode.swift; path = Constants.swift; sourceTree = "<group>"; };
		371716382562670700BC59C8 /* RoadForBlind.app */ = {isa = PBXFileReference; explicitFileType = wrapper.application; includeInIndex = 0; path = RoadForBlind.app; sourceTree = BUILT_PRODUCTS_DIR; };
		3717163B2562670700BC59C8 /* AppDelegate.swift */ = {isa = PBXFileReference; lastKnownFileType = sourcecode.swift; path = AppDelegate.swift; sourceTree = "<group>"; };
		3717163D2562670700BC59C8 /* SceneDelegate.swift */ = {isa = PBXFileReference; lastKnownFileType = sourcecode.swift; path = SceneDelegate.swift; sourceTree = "<group>"; };
		371716422562670700BC59C8 /* Base */ = {isa = PBXFileReference; lastKnownFileType = file.storyboard; name = Base; path = Base.lproj/Main.storyboard; sourceTree = "<group>"; };
		371716442562670A00BC59C8 /* Assets.xcassets */ = {isa = PBXFileReference; lastKnownFileType = folder.assetcatalog; path = Assets.xcassets; sourceTree = "<group>"; };
		371716472562670A00BC59C8 /* Base */ = {isa = PBXFileReference; lastKnownFileType = file.storyboard; name = Base; path = Base.lproj/LaunchScreen.storyboard; sourceTree = "<group>"; };
		371716492562670A00BC59C8 /* Info.plist */ = {isa = PBXFileReference; lastKnownFileType = text.plist.xml; path = Info.plist; sourceTree = "<group>"; };
/* End PBXFileReference section */

/* Begin PBXFrameworksBuildPhase section */
		371716352562670700BC59C8 /* Frameworks */ = {
			isa = PBXFrameworksBuildPhase;
			buildActionMask = 2147483647;
			files = (
			);
			runOnlyForDeploymentPostprocessing = 0;
		};
/* End PBXFrameworksBuildPhase section */

/* Begin PBXGroup section */
		371692172562744700EB79C4 /* Services */ = {
			isa = PBXGroup;
			children = (
				371692222562854E00EB79C4 /* Timer */,
				371692212562854100EB79C4 /* CameraPreview */,
				3716921E2562827700EB79C4 /* DependencyInjection.swift */,
			);
			path = Services;
			sourceTree = "<group>";
		};
		371692212562854100EB79C4 /* CameraPreview */ = {
			isa = PBXGroup;
			children = (
				371692182562745A00EB79C4 /* CameraPreviewService.swift */,
				3716921B25627FE200EB79C4 /* PreviewServiceDelegate.swift */,
			);
			path = CameraPreview;
			sourceTree = "<group>";
		};
		371692222562854E00EB79C4 /* Timer */ = {
			isa = PBXGroup;
			children = (
				371692232562855800EB79C4 /* TimerService.swift */,
				371692262562856D00EB79C4 /* R4BTimerService.swift */,
			);
			path = Timer;
			sourceTree = "<group>";
		};
		37169229256286CD00EB79C4 /* Supporting Files */ = {
			isa = PBXGroup;
			children = (
				3716922A256286DD00EB79C4 /* Constants.swift */,
			);
			path = "Supporting Files";
			sourceTree = "<group>";
		};
		3717162F2562670700BC59C8 = {
			isa = PBXGroup;
			children = (
				3717163A2562670700BC59C8 /* RoadForBlind */,
				371716392562670700BC59C8 /* Products */,
			);
			sourceTree = "<group>";
		};
		371716392562670700BC59C8 /* Products */ = {
			isa = PBXGroup;
			children = (
				371716382562670700BC59C8 /* RoadForBlind.app */,
			);
			name = Products;
			sourceTree = "<group>";
		};
		3717163A2562670700BC59C8 /* RoadForBlind */ = {
			isa = PBXGroup;
			children = (
				3717165025626BEB00BC59C8 /* AppDelegate */,
				3717165125626BF300BC59C8 /* Model */,
				3717165225626BFC00BC59C8 /* Controller */,
				3717165325626C0300BC59C8 /* View */,
				3717165625626C0D00BC59C8 /* Storyboards */,
				3717165725626C1A00BC59C8 /* Resources */,
				371692172562744700EB79C4 /* Services */,
				37169229256286CD00EB79C4 /* Supporting Files */,
				371716492562670A00BC59C8 /* Info.plist */,
			);
			path = RoadForBlind;
			sourceTree = "<group>";
		};
		3717165025626BEB00BC59C8 /* AppDelegate */ = {
			isa = PBXGroup;
			children = (
				3717163B2562670700BC59C8 /* AppDelegate.swift */,
				3717163D2562670700BC59C8 /* SceneDelegate.swift */,
			);
			path = AppDelegate;
			sourceTree = "<group>";
		};
		3717165125626BF300BC59C8 /* Model */ = {
			isa = PBXGroup;
			children = (
			);
			path = Model;
			sourceTree = "<group>";
		};
		3717165225626BFC00BC59C8 /* Controller */ = {
			isa = PBXGroup;
			children = (
				37169214256271EF00EB79C4 /* CameraPreviewVC.swift */,
			);
			path = Controller;
			sourceTree = "<group>";
		};
		3717165325626C0300BC59C8 /* View */ = {
			isa = PBXGroup;
			children = (
				3716920E25626FBD00EB79C4 /* CameraPreviewView.swift */,
			);
			path = View;
			sourceTree = "<group>";
		};
		3717165625626C0D00BC59C8 /* Storyboards */ = {
			isa = PBXGroup;
			children = (
				371716412562670700BC59C8 /* Main.storyboard */,
				371716462562670A00BC59C8 /* LaunchScreen.storyboard */,
			);
			path = Storyboards;
			sourceTree = "<group>";
		};
		3717165725626C1A00BC59C8 /* Resources */ = {
			isa = PBXGroup;
			children = (
				371716442562670A00BC59C8 /* Assets.xcassets */,
				37169211256270E500EB79C4 /* Color.swift */,
			);
			path = Resources;
			sourceTree = "<group>";
		};
/* End PBXGroup section */

/* Begin PBXNativeTarget section */
		371716372562670700BC59C8 /* RoadForBlind */ = {
			isa = PBXNativeTarget;
			buildConfigurationList = 3717164C2562670A00BC59C8 /* Build configuration list for PBXNativeTarget "RoadForBlind" */;
			buildPhases = (
				371716342562670700BC59C8 /* Sources */,
				371716352562670700BC59C8 /* Frameworks */,
				371716362562670700BC59C8 /* Resources */,
			);
			buildRules = (
			);
			dependencies = (
			);
			name = RoadForBlind;
			productName = RoadForBlind;
			productReference = 371716382562670700BC59C8 /* RoadForBlind.app */;
			productType = "com.apple.product-type.application";
		};
/* End PBXNativeTarget section */

/* Begin PBXProject section */
		371716302562670700BC59C8 /* Project object */ = {
			isa = PBXProject;
			attributes = {
				LastSwiftUpdateCheck = 1220;
				LastUpgradeCheck = 1220;
				TargetAttributes = {
					371716372562670700BC59C8 = {
						CreatedOnToolsVersion = 12.2;
					};
				};
			};
			buildConfigurationList = 371716332562670700BC59C8 /* Build configuration list for PBXProject "RoadForBlind" */;
			compatibilityVersion = "Xcode 9.3";
			developmentRegion = en;
			hasScannedForEncodings = 0;
			knownRegions = (
				en,
				Base,
			);
			mainGroup = 3717162F2562670700BC59C8;
			productRefGroup = 371716392562670700BC59C8 /* Products */;
			projectDirPath = "";
			projectRoot = "";
			targets = (
				371716372562670700BC59C8 /* RoadForBlind */,
			);
		};
/* End PBXProject section */

/* Begin PBXResourcesBuildPhase section */
		371716362562670700BC59C8 /* Resources */ = {
			isa = PBXResourcesBuildPhase;
			buildActionMask = 2147483647;
			files = (
				371716482562670A00BC59C8 /* LaunchScreen.storyboard in Resources */,
				371716452562670A00BC59C8 /* Assets.xcassets in Resources */,
				371716432562670700BC59C8 /* Main.storyboard in Resources */,
			);
			runOnlyForDeploymentPostprocessing = 0;
		};
/* End PBXResourcesBuildPhase section */

/* Begin PBXSourcesBuildPhase section */
		371716342562670700BC59C8 /* Sources */ = {
			isa = PBXSourcesBuildPhase;
			buildActionMask = 2147483647;
			files = (
				3717163C2562670700BC59C8 /* AppDelegate.swift in Sources */,
				3716922B256286DD00EB79C4 /* Constants.swift in Sources */,
				37169212256270E500EB79C4 /* Color.swift in Sources */,
				3717163E2562670700BC59C8 /* SceneDelegate.swift in Sources */,
				371692242562855800EB79C4 /* TimerService.swift in Sources */,
				3716920F25626FBD00EB79C4 /* CameraPreviewView.swift in Sources */,
				37169215256271EF00EB79C4 /* CameraPreviewVC.swift in Sources */,
				3716921C25627FE200EB79C4 /* PreviewServiceDelegate.swift in Sources */,
				3716921F2562827700EB79C4 /* DependencyInjection.swift in Sources */,
				371692272562856D00EB79C4 /* R4BTimerService.swift in Sources */,
				371692192562745A00EB79C4 /* CameraPreviewService.swift in Sources */,
			);
			runOnlyForDeploymentPostprocessing = 0;
		};
/* End PBXSourcesBuildPhase section */

/* Begin PBXVariantGroup section */
		371716412562670700BC59C8 /* Main.storyboard */ = {
			isa = PBXVariantGroup;
			children = (
				371716422562670700BC59C8 /* Base */,
			);
			name = Main.storyboard;
			sourceTree = "<group>";
		};
		371716462562670A00BC59C8 /* LaunchScreen.storyboard */ = {
			isa = PBXVariantGroup;
			children = (
				371716472562670A00BC59C8 /* Base */,
			);
			name = LaunchScreen.storyboard;
			sourceTree = "<group>";
		};
/* End PBXVariantGroup section */

/* Begin XCBuildConfiguration section */
		3717164A2562670A00BC59C8 /* Debug */ = {
			isa = XCBuildConfiguration;
			buildSettings = {
				ALWAYS_SEARCH_USER_PATHS = NO;
				CLANG_ANALYZER_NONNULL = YES;
				CLANG_ANALYZER_NUMBER_OBJECT_CONVERSION = YES_AGGRESSIVE;
				CLANG_CXX_LANGUAGE_STANDARD = "gnu++14";
				CLANG_CXX_LIBRARY = "libc++";
				CLANG_ENABLE_MODULES = YES;
				CLANG_ENABLE_OBJC_ARC = YES;
				CLANG_ENABLE_OBJC_WEAK = YES;
				CLANG_WARN_BLOCK_CAPTURE_AUTORELEASING = YES;
				CLANG_WARN_BOOL_CONVERSION = YES;
				CLANG_WARN_COMMA = YES;
				CLANG_WARN_CONSTANT_CONVERSION = YES;
				CLANG_WARN_DEPRECATED_OBJC_IMPLEMENTATIONS = YES;
				CLANG_WARN_DIRECT_OBJC_ISA_USAGE = YES_ERROR;
				CLANG_WARN_DOCUMENTATION_COMMENTS = YES;
				CLANG_WARN_EMPTY_BODY = YES;
				CLANG_WARN_ENUM_CONVERSION = YES;
				CLANG_WARN_INFINITE_RECURSION = YES;
				CLANG_WARN_INT_CONVERSION = YES;
				CLANG_WARN_NON_LITERAL_NULL_CONVERSION = YES;
				CLANG_WARN_OBJC_IMPLICIT_RETAIN_SELF = YES;
				CLANG_WARN_OBJC_LITERAL_CONVERSION = YES;
				CLANG_WARN_OBJC_ROOT_CLASS = YES_ERROR;
				CLANG_WARN_QUOTED_INCLUDE_IN_FRAMEWORK_HEADER = YES;
				CLANG_WARN_RANGE_LOOP_ANALYSIS = YES;
				CLANG_WARN_STRICT_PROTOTYPES = YES;
				CLANG_WARN_SUSPICIOUS_MOVE = YES;
				CLANG_WARN_UNGUARDED_AVAILABILITY = YES_AGGRESSIVE;
				CLANG_WARN_UNREACHABLE_CODE = YES;
				CLANG_WARN__DUPLICATE_METHOD_MATCH = YES;
				COPY_PHASE_STRIP = NO;
				DEBUG_INFORMATION_FORMAT = dwarf;
				ENABLE_STRICT_OBJC_MSGSEND = YES;
				ENABLE_TESTABILITY = YES;
				GCC_C_LANGUAGE_STANDARD = gnu11;
				GCC_DYNAMIC_NO_PIC = NO;
				GCC_NO_COMMON_BLOCKS = YES;
				GCC_OPTIMIZATION_LEVEL = 0;
				GCC_PREPROCESSOR_DEFINITIONS = (
					"DEBUG=1",
					"$(inherited)",
				);
				GCC_WARN_64_TO_32_BIT_CONVERSION = YES;
				GCC_WARN_ABOUT_RETURN_TYPE = YES_ERROR;
				GCC_WARN_UNDECLARED_SELECTOR = YES;
				GCC_WARN_UNINITIALIZED_AUTOS = YES_AGGRESSIVE;
				GCC_WARN_UNUSED_FUNCTION = YES;
				GCC_WARN_UNUSED_VARIABLE = YES;
				IPHONEOS_DEPLOYMENT_TARGET = 14.2;
				MTL_ENABLE_DEBUG_INFO = INCLUDE_SOURCE;
				MTL_FAST_MATH = YES;
				ONLY_ACTIVE_ARCH = YES;
				SDKROOT = iphoneos;
				SWIFT_ACTIVE_COMPILATION_CONDITIONS = DEBUG;
				SWIFT_OPTIMIZATION_LEVEL = "-Onone";
			};
			name = Debug;
		};
		3717164B2562670A00BC59C8 /* Release */ = {
			isa = XCBuildConfiguration;
			buildSettings = {
				ALWAYS_SEARCH_USER_PATHS = NO;
				CLANG_ANALYZER_NONNULL = YES;
				CLANG_ANALYZER_NUMBER_OBJECT_CONVERSION = YES_AGGRESSIVE;
				CLANG_CXX_LANGUAGE_STANDARD = "gnu++14";
				CLANG_CXX_LIBRARY = "libc++";
				CLANG_ENABLE_MODULES = YES;
				CLANG_ENABLE_OBJC_ARC = YES;
				CLANG_ENABLE_OBJC_WEAK = YES;
				CLANG_WARN_BLOCK_CAPTURE_AUTORELEASING = YES;
				CLANG_WARN_BOOL_CONVERSION = YES;
				CLANG_WARN_COMMA = YES;
				CLANG_WARN_CONSTANT_CONVERSION = YES;
				CLANG_WARN_DEPRECATED_OBJC_IMPLEMENTATIONS = YES;
				CLANG_WARN_DIRECT_OBJC_ISA_USAGE = YES_ERROR;
				CLANG_WARN_DOCUMENTATION_COMMENTS = YES;
				CLANG_WARN_EMPTY_BODY = YES;
				CLANG_WARN_ENUM_CONVERSION = YES;
				CLANG_WARN_INFINITE_RECURSION = YES;
				CLANG_WARN_INT_CONVERSION = YES;
				CLANG_WARN_NON_LITERAL_NULL_CONVERSION = YES;
				CLANG_WARN_OBJC_IMPLICIT_RETAIN_SELF = YES;
				CLANG_WARN_OBJC_LITERAL_CONVERSION = YES;
				CLANG_WARN_OBJC_ROOT_CLASS = YES_ERROR;
				CLANG_WARN_QUOTED_INCLUDE_IN_FRAMEWORK_HEADER = YES;
				CLANG_WARN_RANGE_LOOP_ANALYSIS = YES;
				CLANG_WARN_STRICT_PROTOTYPES = YES;
				CLANG_WARN_SUSPICIOUS_MOVE = YES;
				CLANG_WARN_UNGUARDED_AVAILABILITY = YES_AGGRESSIVE;
				CLANG_WARN_UNREACHABLE_CODE = YES;
				CLANG_WARN__DUPLICATE_METHOD_MATCH = YES;
				COPY_PHASE_STRIP = NO;
				DEBUG_INFORMATION_FORMAT = "dwarf-with-dsym";
				ENABLE_NS_ASSERTIONS = NO;
				ENABLE_STRICT_OBJC_MSGSEND = YES;
				GCC_C_LANGUAGE_STANDARD = gnu11;
				GCC_NO_COMMON_BLOCKS = YES;
				GCC_WARN_64_TO_32_BIT_CONVERSION = YES;
				GCC_WARN_ABOUT_RETURN_TYPE = YES_ERROR;
				GCC_WARN_UNDECLARED_SELECTOR = YES;
				GCC_WARN_UNINITIALIZED_AUTOS = YES_AGGRESSIVE;
				GCC_WARN_UNUSED_FUNCTION = YES;
				GCC_WARN_UNUSED_VARIABLE = YES;
				IPHONEOS_DEPLOYMENT_TARGET = 14.2;
				MTL_ENABLE_DEBUG_INFO = NO;
				MTL_FAST_MATH = YES;
				SDKROOT = iphoneos;
				SWIFT_COMPILATION_MODE = wholemodule;
				SWIFT_OPTIMIZATION_LEVEL = "-O";
				VALIDATE_PRODUCT = YES;
			};
			name = Release;
		};
		3717164D2562670A00BC59C8 /* Debug */ = {
			isa = XCBuildConfiguration;
			buildSettings = {
				ASSETCATALOG_COMPILER_APPICON_NAME = AppIcon;
				ASSETCATALOG_COMPILER_GLOBAL_ACCENT_COLOR_NAME = AccentColor;
				CODE_SIGN_STYLE = Automatic;
				DEVELOPMENT_TEAM = 452BPWXS55;
				INFOPLIST_FILE = RoadForBlind/Info.plist;
				IPHONEOS_DEPLOYMENT_TARGET = 13.0;
				LD_RUNPATH_SEARCH_PATHS = (
					"$(inherited)",
					"@executable_path/Frameworks",
				);
				PRODUCT_BUNDLE_IDENTIFIER = com.den444ick.RoadForBlind;
				PRODUCT_NAME = "$(TARGET_NAME)";
				SWIFT_VERSION = 5.0;
				TARGETED_DEVICE_FAMILY = 1;
			};
			name = Debug;
		};
		3717164E2562670A00BC59C8 /* Release */ = {
			isa = XCBuildConfiguration;
			buildSettings = {
				ASSETCATALOG_COMPILER_APPICON_NAME = AppIcon;
				ASSETCATALOG_COMPILER_GLOBAL_ACCENT_COLOR_NAME = AccentColor;
				CODE_SIGN_STYLE = Automatic;
				DEVELOPMENT_TEAM = 452BPWXS55;
				INFOPLIST_FILE = RoadForBlind/Info.plist;
				IPHONEOS_DEPLOYMENT_TARGET = 13.0;
				LD_RUNPATH_SEARCH_PATHS = (
					"$(inherited)",
					"@executable_path/Frameworks",
				);
				PRODUCT_BUNDLE_IDENTIFIER = com.den444ick.RoadForBlind;
				PRODUCT_NAME = "$(TARGET_NAME)";
				SWIFT_VERSION = 5.0;
				TARGETED_DEVICE_FAMILY = 1;
			};
			name = Release;
		};
/* End XCBuildConfiguration section */

/* Begin XCConfigurationList section */
		371716332562670700BC59C8 /* Build configuration list for PBXProject "RoadForBlind" */ = {
			isa = XCConfigurationList;
			buildConfigurations = (
				3717164A2562670A00BC59C8 /* Debug */,
				3717164B2562670A00BC59C8 /* Release */,
			);
			defaultConfigurationIsVisible = 0;
			defaultConfigurationName = Release;
		};
		3717164C2562670A00BC59C8 /* Build configuration list for PBXNativeTarget "RoadForBlind" */ = {
			isa = XCConfigurationList;
			buildConfigurations = (
				3717164D2562670A00BC59C8 /* Debug */,
				3717164E2562670A00BC59C8 /* Release */,
			);
			defaultConfigurationIsVisible = 0;
			defaultConfigurationName = Release;
		};
/* End XCConfigurationList section */
	};
	rootObject = 371716302562670700BC59C8 /* Project object */;
}
